<?xml version="1.0" encoding="utf-8"?>
<Project ToolsVersion="4.0" xmlns="http://schemas.microsoft.com/developer/msbuild/2003">
  <ItemGroup>
    <Filter Include="Source Files">
      <UniqueIdentifier>{4FC737F1-C7A5-4376-A066-2A32D752A2FF}</UniqueIdentifier>
      <Extensions>cpp;c;cc;cxx;def;odl;idl;hpj;bat;asm;asmx</Extensions>
    </Filter>
    <Filter Include="Header Files">
      <UniqueIdentifier>{93995380-89BD-4b04-88EB-625FBE52EBFB}</UniqueIdentifier>
      <Extensions>h;hh;hpp;hxx;hm;inl;inc;xsd</Extensions>
    </Filter>
    <Filter Include="Resource Files">
      <UniqueIdentifier>{67DA6AB6-F800-4c08-8B7A-83BB121AAD01}</UniqueIdentifier>
      <Extensions>rc;ico;cur;bmp;dlg;rc2;rct;bin;rgs;gif;jpg;jpeg;jpe;resx;tiff;tif;png;wav;mfcribbon-ms</Extensions>
    </Filter>
  </ItemGroup>
  <ItemGroup>
    <ClInclude Include="DrawManager.hpp">
      <Filter>Header Files</Filter>
    </ClInclude>
    <ClInclude Include="Hooks.hpp">
      <Filter>Header Files</Filter>
    </ClInclude>
    <ClInclude Include="NetvarManager.hpp">
      <Filter>Header Files</Filter>
    </ClInclude>
    <ClInclude Include="Options.hpp">
      <Filter>Header Files</Filter>
    </ClInclude>
    <ClInclude Include="Utils.hpp">
      <Filter>Header Files</Filter>
    </ClInclude>
    <ClInclude Include="VFTableHook.hpp">
      <Filter>Header Files</Filter>
    </ClInclude>
    <ClInclude Include="XorStr.hpp">
      <Filter>Header Files</Filter>
    </ClInclude>
    <ClInclude Include="CSGOStructs.hpp">
      <Filter>Header Files</Filter>
    </ClInclude>
    <ClInclude Include="ImGUI\DX9\imgui_impl_dx9.h">
      <Filter>Header Files</Filter>
    </ClInclude>
    <ClInclude Include="ImGUI\imconfig.h">
      <Filter>Header Files</Filter>
    </ClInclude>
    <ClInclude Include="ImGUI\imgui.h">
      <Filter>Header Files</Filter>
    </ClInclude>
    <ClInclude Include="ImGUI\imgui_internal.h">
      <Filter>Header Files</Filter>
    </ClInclude>
    <ClInclude Include="ImGUI\stb_rect_pack.h">
      <Filter>Header Files</Filter>
    </ClInclude>
    <ClInclude Include="ImGUI\stb_textedit.h">
      <Filter>Header Files</Filter>
    </ClInclude>
    <ClInclude Include="ImGUI\stb_truetype.h">
      <Filter>Header Files</Filter>
    </ClInclude>
    <ClInclude Include="SourceEngine\CGlobalVarsBase.hpp">
      <Filter>Header Files</Filter>
    </ClInclude>
    <ClInclude Include="SourceEngine\CHandle.hpp">
      <Filter>Header Files</Filter>
    </ClInclude>
    <ClInclude Include="SourceEngine\characterset.hpp">
      <Filter>Header Files</Filter>
    </ClInclude>
    <ClInclude Include="SourceEngine\CInput.hpp">
      <Filter>Header Files</Filter>
    </ClInclude>
    <ClInclude Include="SourceEngine\ClientClass.hpp">
      <Filter>Header Files</Filter>
    </ClInclude>
    <ClInclude Include="SourceEngine\Color.hpp">
      <Filter>Header Files</Filter>
    </ClInclude>
    <ClInclude Include="SourceEngine\Convar.hpp">
      <Filter>Header Files</Filter>
    </ClInclude>
    <ClInclude Include="SourceEngine\CRC.hpp">
      <Filter>Header Files</Filter>
    </ClInclude>
    <ClInclude Include="SourceEngine\Definitions.hpp">
      <Filter>Header Files</Filter>
    </ClInclude>
    <ClInclude Include="SourceEngine\IAppSystem.hpp">
      <Filter>Header Files</Filter>
    </ClInclude>
    <ClInclude Include="SourceEngine\IBaseClientDll.hpp">
      <Filter>Header Files</Filter>
    </ClInclude>
    <ClInclude Include="SourceEngine\IClientEntity.hpp">
      <Filter>Header Files</Filter>
    </ClInclude>
    <ClInclude Include="SourceEngine\IClientEntityList.hpp">
      <Filter>Header Files</Filter>
    </ClInclude>
    <ClInclude Include="SourceEngine\IClientMode.hpp">
      <Filter>Header Files</Filter>
    </ClInclude>
    <ClInclude Include="SourceEngine\IClientNetworkable.hpp">
      <Filter>Header Files</Filter>
    </ClInclude>
    <ClInclude Include="SourceEngine\IClientRenderable.hpp">
      <Filter>Header Files</Filter>
    </ClInclude>
    <ClInclude Include="SourceEngine\IClientThinkable.hpp">
      <Filter>Header Files</Filter>
    </ClInclude>
    <ClInclude Include="SourceEngine\IClientUnknown.hpp">
      <Filter>Header Files</Filter>
    </ClInclude>
    <ClInclude Include="SourceEngine\IConVar.hpp">
      <Filter>Header Files</Filter>
    </ClInclude>
    <ClInclude Include="SourceEngine\ICvar.hpp">
      <Filter>Header Files</Filter>
    </ClInclude>
    <ClInclude Include="SourceEngine\IEngineTrace.hpp">
      <Filter>Header Files</Filter>
    </ClInclude>
    <ClInclude Include="SourceEngine\IHandleEntity.hpp">
      <Filter>Header Files</Filter>
    </ClInclude>
    <ClInclude Include="SourceEngine\IPanel.hpp">
      <Filter>Header Files</Filter>
    </ClInclude>
    <ClInclude Include="SourceEngine\ISurface.hpp">
      <Filter>Header Files</Filter>
    </ClInclude>
    <ClInclude Include="SourceEngine\IVEngineClient.hpp">
      <Filter>Header Files</Filter>
    </ClInclude>
    <ClInclude Include="SourceEngine\PlayerInfo.hpp">
      <Filter>Header Files</Filter>
    </ClInclude>
    <ClInclude Include="SourceEngine\QAngle.hpp">
      <Filter>Header Files</Filter>
    </ClInclude>
    <ClInclude Include="SourceEngine\Recv.hpp">
      <Filter>Header Files</Filter>
    </ClInclude>
    <ClInclude Include="SourceEngine\SDK.hpp">
      <Filter>Header Files</Filter>
    </ClInclude>
    <ClInclude Include="SourceEngine\UtlBuffer.hpp">
      <Filter>Header Files</Filter>
    </ClInclude>
    <ClInclude Include="SourceEngine\UtlMemory.hpp">
      <Filter>Header Files</Filter>
    </ClInclude>
    <ClInclude Include="SourceEngine\UtlString.hpp">
      <Filter>Header Files</Filter>
    </ClInclude>
    <ClInclude Include="SourceEngine\UtlVector.hpp">
      <Filter>Header Files</Filter>
    </ClInclude>
    <ClInclude Include="SourceEngine\Vector.hpp">
      <Filter>Header Files</Filter>
    </ClInclude>
    <ClInclude Include="SourceEngine\Vector2D.hpp">
      <Filter>Header Files</Filter>
    </ClInclude>
    <ClInclude Include="SourceEngine\Vector4D.hpp">
      <Filter>Header Files</Filter>
    </ClInclude>
    <ClInclude Include="SourceEngine\VMatrix.hpp">
      <Filter>Header Files</Filter>
    </ClInclude>
    <ClInclude Include="Hooks\HkCreateMove.h">
      <Filter>Header Files</Filter>
    </ClInclude>
    <ClInclude Include="Hooks\HkDirectx9.h">
      <Filter>Header Files</Filter>
    </ClInclude>
    <ClInclude Include="Hooks\HkWndProc.h">
      <Filter>Header Files</Filter>
    </ClInclude>
    <ClInclude Include="SourceEngine\Math.hpp">
      <Filter>Header Files</Filter>
    </ClInclude>
    <ClInclude Include="SourceEngine\IGlobalVars.hpp">
      <Filter>Header Files</Filter>
    </ClInclude>
  </ItemGroup>
  <ItemGroup>
    <ClCompile Include="dllmain.cpp">
      <Filter>Source Files</Filter>
    </ClCompile>
    <ClCompile Include="DrawManager.cpp">
      <Filter>Source Files</Filter>
    </ClCompile>
    <ClCompile Include="Hooks.cpp">
      <Filter>Source Files</Filter>
    </ClCompile>
    <ClCompile Include="NetvarManager.cpp">
      <Filter>Source Files</Filter>
    </ClCompile>
    <ClCompile Include="Options.cpp">
      <Filter>Source Files</Filter>
    </ClCompile>
    <ClCompile Include="ImGUI\DX9\imgui_impl_dx9.cpp">
      <Filter>Source Files</Filter>
    </ClCompile>
    <ClCompile Include="ImGUI\imgui.cpp">
      <Filter>Source Files</Filter>
    </ClCompile>
    <ClCompile Include="ImGUI\imgui_draw.cpp">
      <Filter>Source Files</Filter>
    </ClCompile>
    <ClCompile Include="SourceEngine\characterset.cpp">
      <Filter>Source Files</Filter>
    </ClCompile>
    <ClCompile Include="SourceEngine\Convar.cpp">
      <Filter>Source Files</Filter>
    </ClCompile>
    <ClCompile Include="SourceEngine\CRC.cpp">
      <Filter>Source Files</Filter>
    </ClCompile>
    <ClCompile Include="SourceEngine\SDK.cpp">
      <Filter>Source Files</Filter>
    </ClCompile>
    <ClCompile Include="SourceEngine\UtlBuffer.cpp">
      <Filter>Source Files</Filter>
    </ClCompile>
    <ClCompile Include="SourceEngine\UtlString.cpp">
      <Filter>Source Files</Filter>
    </ClCompile>
    <ClCompile Include="SourceEngine\Vector.cpp">
      <Filter>Source Files</Filter>
    </ClCompile>
    <ClCompile Include="SourceEngine\Vector2D.cpp">
      <Filter>Source Files</Filter>
    </ClCompile>
    <ClCompile Include="SourceEngine\Vector4D.cpp">
      <Filter>Source Files</Filter>
    </ClCompile>
    <ClCompile Include="SourceEngine\VMatrix.cpp">
      <Filter>Source Files</Filter>
    </ClCompile>
    <ClCompile Include="SourceEngine\Math.cpp">
      <Filter>Source Files</Filter>
    </ClCompile>
  </ItemGroup>
</Project>